
Microsoft Visual Studio Solution File, Format Version 12.00
# Visual Studio Version 16
VisualStudioVersion = 16.0.29230.47
MinimumVisualStudioVersion = 10.0.40219.1
Project("{FAE04EC0-301F-11D3-BF4B-00C04F79EFBC}") = "HelloNMC", "HelloNMC\HelloNMC.csproj", "{7EAF2680-0318-4B93-A550-36513A91F2B9}"
EndProject
Global
	GlobalSection(SolutionConfigurationPlatforms) = preSolution
		Debug|Any CPU = Debug|Any CPU
		Release|Any CPU = Release|Any CPU
	EndGlobalSection
	GlobalSection(ProjectConfigurationPlatforms) = postSolution
		{7EAF2680-0318-4B93-A550-36513A91F2B9}.Debug|Any CPU.ActiveCfg = Debug|Any CPU
		{7EAF2680-0318-4B93-A550-36513A91F2B9}.Debug|Any CPU.Build.0 = Debug|Any CPU
		{7EAF2680-0318-4B93-A550-36513A91F2B9}.Release|Any CPU.ActiveCfg = Release|Any CPU
		{7EAF2680-0318-4B93-A550-36513A91F2B9}.Release|Any CPU.Build.0 = Release|Any CPU
	EndGlobalSection
	GlobalSection(SolutionProperties) = preSolution
		HideSolutionNode = FALSE
	EndGlobalSection
	GlobalSection(ExtensibilityGlobals) = postSolution
		SolutionGuid = {B409867A-F405-486B-9BBF-C9EC202F1837}
	EndGlobalSection
EndGlobal
